// !$*UTF8*$!
{
	archiveVersion = 1;
	classes = {
	};
	objectVersion = 55;
	objects = {

/* Begin PBXBuildFile section */
		80562C39E89EC5BABC39F627 /* Pods_MyMessenger.framework in Frameworks */ = {isa = PBXBuildFile; fileRef = 973B7DF790ACA937A18E9D6B /* Pods_MyMessenger.framework */; };
		9440D5E828C77EF100E234B1 /* AppDelegate.swift in Sources */ = {isa = PBXBuildFile; fileRef = 9440D5E728C77EF100E234B1 /* AppDelegate.swift */; };
		9440D5EA28C77EF100E234B1 /* SceneDelegate.swift in Sources */ = {isa = PBXBuildFile; fileRef = 9440D5E928C77EF100E234B1 /* SceneDelegate.swift */; };
		9440D5EC28C77EF100E234B1 /* ConversationsViewController.swift in Sources */ = {isa = PBXBuildFile; fileRef = 9440D5EB28C77EF100E234B1 /* ConversationsViewController.swift */; };
		9440D5EF28C77EF100E234B1 /* Main.storyboard in Resources */ = {isa = PBXBuildFile; fileRef = 9440D5ED28C77EF100E234B1 /* Main.storyboard */; };
		9440D5F128C77EF200E234B1 /* Assets.xcassets in Resources */ = {isa = PBXBuildFile; fileRef = 9440D5F028C77EF200E234B1 /* Assets.xcassets */; };
		9440D5F428C77EF200E234B1 /* LaunchScreen.storyboard in Resources */ = {isa = PBXBuildFile; fileRef = 9440D5F228C77EF200E234B1 /* LaunchScreen.storyboard */; };
		9440D60228C7852B00E234B1 /* LoginViewController.swift in Sources */ = {isa = PBXBuildFile; fileRef = 9440D60128C7852B00E234B1 /* LoginViewController.swift */; };
		9440D60728C7855D00E234B1 /* RegisterViewController.swift in Sources */ = {isa = PBXBuildFile; fileRef = 9440D60628C7855D00E234B1 /* RegisterViewController.swift */; };
		9440D60928C7857600E234B1 /* PhotoViewerViewController.swift in Sources */ = {isa = PBXBuildFile; fileRef = 9440D60828C7857600E234B1 /* PhotoViewerViewController.swift */; };
		9440D60B28C7857E00E234B1 /* VideoPlayerViewController.swift in Sources */ = {isa = PBXBuildFile; fileRef = 9440D60A28C7857E00E234B1 /* VideoPlayerViewController.swift */; };
		9440D60D28C7859F00E234B1 /* NewConversationViewController.swift in Sources */ = {isa = PBXBuildFile; fileRef = 9440D60C28C7859F00E234B1 /* NewConversationViewController.swift */; };
		9440D60F28C785AB00E234B1 /* ProfileViewController.swift in Sources */ = {isa = PBXBuildFile; fileRef = 9440D60E28C785AB00E234B1 /* ProfileViewController.swift */; };
		9440D61428C78BC100E234B1 /* Extensions.swift in Sources */ = {isa = PBXBuildFile; fileRef = 9440D61328C78BC100E234B1 /* Extensions.swift */; };
/* End PBXBuildFile section */

/* Begin PBXFileReference section */
		1305EB0607E95C9BBE9673AE /* Pods-MyMessenger.release.xcconfig */ = {isa = PBXFileReference; includeInIndex = 1; lastKnownFileType = text.xcconfig; name = "Pods-MyMessenger.release.xcconfig"; path = "Target Support Files/Pods-MyMessenger/Pods-MyMessenger.release.xcconfig"; sourceTree = "<group>"; };
		9440D5E428C77EF100E234B1 /* MyMessenger.app */ = {isa = PBXFileReference; explicitFileType = wrapper.application; includeInIndex = 0; path = MyMessenger.app; sourceTree = BUILT_PRODUCTS_DIR; };
		9440D5E728C77EF100E234B1 /* AppDelegate.swift */ = {isa = PBXFileReference; lastKnownFileType = sourcecode.swift; path = AppDelegate.swift; sourceTree = "<group>"; };
		9440D5E928C77EF100E234B1 /* SceneDelegate.swift */ = {isa = PBXFileReference; lastKnownFileType = sourcecode.swift; path = SceneDelegate.swift; sourceTree = "<group>"; };
		9440D5EB28C77EF100E234B1 /* ConversationsViewController.swift */ = {isa = PBXFileReference; lastKnownFileType = sourcecode.swift; path = ConversationsViewController.swift; sourceTree = "<group>"; };
		9440D5EE28C77EF100E234B1 /* Base */ = {isa = PBXFileReference; lastKnownFileType = file.storyboard; name = Base; path = Base.lproj/Main.storyboard; sourceTree = "<group>"; };
		9440D5F028C77EF200E234B1 /* Assets.xcassets */ = {isa = PBXFileReference; lastKnownFileType = folder.assetcatalog; path = Assets.xcassets; sourceTree = "<group>"; };
		9440D5F328C77EF200E234B1 /* Base */ = {isa = PBXFileReference; lastKnownFileType = file.storyboard; name = Base; path = Base.lproj/LaunchScreen.storyboard; sourceTree = "<group>"; };
		9440D5F528C77EF200E234B1 /* Info.plist */ = {isa = PBXFileReference; lastKnownFileType = text.plist.xml; path = Info.plist; sourceTree = "<group>"; };
		9440D60128C7852B00E234B1 /* LoginViewController.swift */ = {isa = PBXFileReference; lastKnownFileType = sourcecode.swift; path = LoginViewController.swift; sourceTree = "<group>"; };
		9440D60628C7855D00E234B1 /* RegisterViewController.swift */ = {isa = PBXFileReference; lastKnownFileType = sourcecode.swift; path = RegisterViewController.swift; sourceTree = "<group>"; };
		9440D60828C7857600E234B1 /* PhotoViewerViewController.swift */ = {isa = PBXFileReference; lastKnownFileType = sourcecode.swift; path = PhotoViewerViewController.swift; sourceTree = "<group>"; };
		9440D60A28C7857E00E234B1 /* VideoPlayerViewController.swift */ = {isa = PBXFileReference; lastKnownFileType = sourcecode.swift; path = VideoPlayerViewController.swift; sourceTree = "<group>"; };
		9440D60C28C7859F00E234B1 /* NewConversationViewController.swift */ = {isa = PBXFileReference; lastKnownFileType = sourcecode.swift; path = NewConversationViewController.swift; sourceTree = "<group>"; };
		9440D60E28C785AB00E234B1 /* ProfileViewController.swift */ = {isa = PBXFileReference; lastKnownFileType = sourcecode.swift; path = ProfileViewController.swift; sourceTree = "<group>"; };
		9440D61328C78BC100E234B1 /* Extensions.swift */ = {isa = PBXFileReference; lastKnownFileType = sourcecode.swift; path = Extensions.swift; sourceTree = "<group>"; };
		973B7DF790ACA937A18E9D6B /* Pods_MyMessenger.framework */ = {isa = PBXFileReference; explicitFileType = wrapper.framework; includeInIndex = 0; path = Pods_MyMessenger.framework; sourceTree = BUILT_PRODUCTS_DIR; };
		C821FA033D8FD84FFBC9A751 /* Pods-MyMessenger.debug.xcconfig */ = {isa = PBXFileReference; includeInIndex = 1; lastKnownFileType = text.xcconfig; name = "Pods-MyMessenger.debug.xcconfig"; path = "Target Support Files/Pods-MyMessenger/Pods-MyMessenger.debug.xcconfig"; sourceTree = "<group>"; };
/* End PBXFileReference section */

/* Begin PBXFrameworksBuildPhase section */
		9440D5E128C77EF100E234B1 /* Frameworks */ = {
			isa = PBXFrameworksBuildPhase;
			buildActionMask = 2147483647;
			files = (
				80562C39E89EC5BABC39F627 /* Pods_MyMessenger.framework in Frameworks */,
			);
			runOnlyForDeploymentPostprocessing = 0;
		};
/* End PBXFrameworksBuildPhase section */

/* Begin PBXGroup section */
		221E499E8FE6C43892C1F60B /* Frameworks */ = {
			isa = PBXGroup;
			children = (
				973B7DF790ACA937A18E9D6B /* Pods_MyMessenger.framework */,
			);
			name = Frameworks;
			sourceTree = "<group>";
		};
		828A7400FE17A16DF974716F /* Pods */ = {
			isa = PBXGroup;
			children = (
				C821FA033D8FD84FFBC9A751 /* Pods-MyMessenger.debug.xcconfig */,
				1305EB0607E95C9BBE9673AE /* Pods-MyMessenger.release.xcconfig */,
			);
			path = Pods;
			sourceTree = "<group>";
		};
		9440D5DB28C77EF100E234B1 = {
			isa = PBXGroup;
			children = (
				9440D5E628C77EF100E234B1 /* MyMessenger */,
				9440D5E528C77EF100E234B1 /* Products */,
				828A7400FE17A16DF974716F /* Pods */,
				221E499E8FE6C43892C1F60B /* Frameworks */,
			);
			sourceTree = "<group>";
		};
		9440D5E528C77EF100E234B1 /* Products */ = {
			isa = PBXGroup;
			children = (
				9440D5E428C77EF100E234B1 /* MyMessenger.app */,
			);
			name = Products;
			sourceTree = "<group>";
		};
		9440D5E628C77EF100E234B1 /* MyMessenger */ = {
			isa = PBXGroup;
			children = (
				9440D5FC28C780DF00E234B1 /* Views */,
				9440D5FB28C780DA00E234B1 /* Controllers */,
				9440D5FD28C780E900E234B1 /* Models */,
				9440D5FE28C780EE00E234B1 /* ViewModels */,
				9440D5FF28C780F200E234B1 /* Resources */,
				9440D5F528C77EF200E234B1 /* Info.plist */,
			);
			path = MyMessenger;
			sourceTree = "<group>";
		};
		9440D5FB28C780DA00E234B1 /* Controllers */ = {
			isa = PBXGroup;
			children = (
				9440D5EB28C77EF100E234B1 /* ConversationsViewController.swift */,
				9440D61028C7862500E234B1 /* Login */,
				9440D60828C7857600E234B1 /* PhotoViewerViewController.swift */,
				9440D60A28C7857E00E234B1 /* VideoPlayerViewController.swift */,
				9440D60C28C7859F00E234B1 /* NewConversationViewController.swift */,
				9440D60E28C785AB00E234B1 /* ProfileViewController.swift */,
			);
			path = Controllers;
			sourceTree = "<group>";
		};
		9440D5FC28C780DF00E234B1 /* Views */ = {
			isa = PBXGroup;
			children = (
				9440D60028C7811300E234B1 /* Storyboards */,
				9440D5F028C77EF200E234B1 /* Assets.xcassets */,
			);
			path = Views;
			sourceTree = "<group>";
		};
		9440D5FD28C780E900E234B1 /* Models */ = {
			isa = PBXGroup;
			children = (
			);
			path = Models;
			sourceTree = "<group>";
		};
		9440D5FE28C780EE00E234B1 /* ViewModels */ = {
			isa = PBXGroup;
			children = (
			);
			path = ViewModels;
			sourceTree = "<group>";
		};
		9440D5FF28C780F200E234B1 /* Resources */ = {
			isa = PBXGroup;
			children = (
				9440D5E928C77EF100E234B1 /* SceneDelegate.swift */,
				9440D5E728C77EF100E234B1 /* AppDelegate.swift */,
				9440D61328C78BC100E234B1 /* Extensions.swift */,
			);
			path = Resources;
			sourceTree = "<group>";
		};
		9440D60028C7811300E234B1 /* Storyboards */ = {
			isa = PBXGroup;
			children = (
				9440D5ED28C77EF100E234B1 /* Main.storyboard */,
				9440D5F228C77EF200E234B1 /* LaunchScreen.storyboard */,
			);
			path = Storyboards;
			sourceTree = "<group>";
		};
		9440D61028C7862500E234B1 /* Login */ = {
			isa = PBXGroup;
			children = (
				9440D60128C7852B00E234B1 /* LoginViewController.swift */,
				9440D60628C7855D00E234B1 /* RegisterViewController.swift */,
			);
			path = Login;
			sourceTree = "<group>";
		};
/* End PBXGroup section */

/* Begin PBXNativeTarget section */
		9440D5E328C77EF100E234B1 /* MyMessenger */ = {
			isa = PBXNativeTarget;
			buildConfigurationList = 9440D5F828C77EF200E234B1 /* Build configuration list for PBXNativeTarget "MyMessenger" */;
			buildPhases = (
				50EB85754A7E82448D045213 /* [CP] Check Pods Manifest.lock */,
				9440D5E028C77EF100E234B1 /* Sources */,
				9440D5E128C77EF100E234B1 /* Frameworks */,
				9440D5E228C77EF100E234B1 /* Resources */,
			);
			buildRules = (
			);
			dependencies = (
			);
			name = MyMessenger;
			productName = MyMessenger;
			productReference = 9440D5E428C77EF100E234B1 /* MyMessenger.app */;
			productType = "com.apple.product-type.application";
		};
/* End PBXNativeTarget section */

/* Begin PBXProject section */
		9440D5DC28C77EF100E234B1 /* Project object */ = {
			isa = PBXProject;
			attributes = {
				BuildIndependentTargetsInParallel = 1;
				LastSwiftUpdateCheck = 1340;
				LastUpgradeCheck = 1340;
				TargetAttributes = {
					9440D5E328C77EF100E234B1 = {
						CreatedOnToolsVersion = 13.4.1;
						LastSwiftMigration = 1340;
					};
				};
			};
			buildConfigurationList = 9440D5DF28C77EF100E234B1 /* Build configuration list for PBXProject "MyMessenger" */;
			compatibilityVersion = "Xcode 13.0";
			developmentRegion = en;
			hasScannedForEncodings = 0;
			knownRegions = (
				en,
				Base,
			);
			mainGroup = 9440D5DB28C77EF100E234B1;
			productRefGroup = 9440D5E528C77EF100E234B1 /* Products */;
			projectDirPath = "";
			projectRoot = "";
			targets = (
				9440D5E328C77EF100E234B1 /* MyMessenger */,
			);
		};
/* End PBXProject section */

/* Begin PBXResourcesBuildPhase section */
		9440D5E228C77EF100E234B1 /* Resources */ = {
			isa = PBXResourcesBuildPhase;
			buildActionMask = 2147483647;
			files = (
				9440D5F428C77EF200E234B1 /* LaunchScreen.storyboard in Resources */,
				9440D5F128C77EF200E234B1 /* Assets.xcassets in Resources */,
				9440D5EF28C77EF100E234B1 /* Main.storyboard in Resources */,
			);
			runOnlyForDeploymentPostprocessing = 0;
		};
/* End PBXResourcesBuildPhase section */

/* Begin PBXShellScriptBuildPhase section */
		50EB85754A7E82448D045213 /* [CP] Check Pods Manifest.lock */ = {
			isa = PBXShellScriptBuildPhase;
			buildActionMask = 2147483647;
			files = (
			);
			inputFileListPaths = (
			);
			inputPaths = (
				"${PODS_PODFILE_DIR_PATH}/Podfile.lock",
				"${PODS_ROOT}/Manifest.lock",
			);
			name = "[CP] Check Pods Manifest.lock";
			outputFileListPaths = (
			);
			outputPaths = (
				"$(DERIVED_FILE_DIR)/Pods-MyMessenger-checkManifestLockResult.txt",
			);
			runOnlyForDeploymentPostprocessing = 0;
			shellPath = /bin/sh;
			shellScript = "diff \"${PODS_PODFILE_DIR_PATH}/Podfile.lock\" \"${PODS_ROOT}/Manifest.lock\" > /dev/null\nif [ $? != 0 ] ; then\n    # print error to STDERR\n    echo \"error: The sandbox is not in sync with the Podfile.lock. Run 'pod install' or update your CocoaPods installation.\" >&2\n    exit 1\nfi\n# This output is used by Xcode 'outputs' to avoid re-running this script phase.\necho \"SUCCESS\" > \"${SCRIPT_OUTPUT_FILE_0}\"\n";
			showEnvVarsInLog = 0;
		};
/* End PBXShellScriptBuildPhase section */

/* Begin PBXSourcesBuildPhase section */
		9440D5E028C77EF100E234B1 /* Sources */ = {
			isa = PBXSourcesBuildPhase;
			buildActionMask = 2147483647;
			files = (
				9440D60228C7852B00E234B1 /* LoginViewController.swift in Sources */,
				9440D60728C7855D00E234B1 /* RegisterViewController.swift in Sources */,
				9440D60D28C7859F00E234B1 /* NewConversationViewController.swift in Sources */,
				9440D5EC28C77EF100E234B1 /* ConversationsViewController.swift in Sources */,
				9440D60B28C7857E00E234B1 /* VideoPlayerViewController.swift in Sources */,
				9440D61428C78BC100E234B1 /* Extensions.swift in Sources */,
				9440D5E828C77EF100E234B1 /* AppDelegate.swift in Sources */,
				9440D60F28C785AB00E234B1 /* ProfileViewController.swift in Sources */,
				9440D5EA28C77EF100E234B1 /* SceneDelegate.swift in Sources */,
				9440D60928C7857600E234B1 /* PhotoViewerViewController.swift in Sources */,
			);
			runOnlyForDeploymentPostprocessing = 0;
		};
/* End PBXSourcesBuildPhase section */

/* Begin PBXVariantGroup section */
		9440D5ED28C77EF100E234B1 /* Main.storyboard */ = {
			isa = PBXVariantGroup;
			children = (
				9440D5EE28C77EF100E234B1 /* Base */,
			);
			name = Main.storyboard;
			sourceTree = "<group>";
		};
		9440D5F228C77EF200E234B1 /* LaunchScreen.storyboard */ = {
			isa = PBXVariantGroup;
			children = (
				9440D5F328C77EF200E234B1 /* Base */,
			);
			name = LaunchScreen.storyboard;
			sourceTree = "<group>";
		};
/* End PBXVariantGroup section */

/* Begin XCBuildConfiguration section */
		9440D5F628C77EF200E234B1 /* Debug */ = {
			isa = XCBuildConfiguration;
			buildSettings = {
				ALWAYS_SEARCH_USER_PATHS = NO;
				CLANG_ANALYZER_NONNULL = YES;
				CLANG_ANALYZER_NUMBER_OBJECT_CONVERSION = YES_AGGRESSIVE;
				CLANG_CXX_LANGUAGE_STANDARD = "gnu++17";
				CLANG_ENABLE_MODULES = YES;
				CLANG_ENABLE_OBJC_ARC = YES;
				CLANG_ENABLE_OBJC_WEAK = YES;
				CLANG_WARN_BLOCK_CAPTURE_AUTORELEASING = YES;
				CLANG_WARN_BOOL_CONVERSION = YES;
				CLANG_WARN_COMMA = YES;
				CLANG_WARN_CONSTANT_CONVERSION = YES;
				CLANG_WARN_DEPRECATED_OBJC_IMPLEMENTATIONS = YES;
				CLANG_WARN_DIRECT_OBJC_ISA_USAGE = YES_ERROR;
				CLANG_WARN_DOCUMENTATION_COMMENTS = YES;
				CLANG_WARN_EMPTY_BODY = YES;
				CLANG_WARN_ENUM_CONVERSION = YES;
				CLANG_WARN_INFINITE_RECURSION = YES;
				CLANG_WARN_INT_CONVERSION = YES;
				CLANG_WARN_NON_LITERAL_NULL_CONVERSION = YES;
				CLANG_WARN_OBJC_IMPLICIT_RETAIN_SELF = YES;
				CLANG_WARN_OBJC_LITERAL_CONVERSION = YES;
				CLANG_WARN_OBJC_ROOT_CLASS = YES_ERROR;
				CLANG_WARN_QUOTED_INCLUDE_IN_FRAMEWORK_HEADER = YES;
				CLANG_WARN_RANGE_LOOP_ANALYSIS = YES;
				CLANG_WARN_STRICT_PROTOTYPES = YES;
				CLANG_WARN_SUSPICIOUS_MOVE = YES;
				CLANG_WARN_UNGUARDED_AVAILABILITY = YES_AGGRESSIVE;
				CLANG_WARN_UNREACHABLE_CODE = YES;
				CLANG_WARN__DUPLICATE_METHOD_MATCH = YES;
				COPY_PHASE_STRIP = NO;
				DEBUG_INFORMATION_FORMAT = dwarf;
				ENABLE_STRICT_OBJC_MSGSEND = YES;
				ENABLE_TESTABILITY = YES;
				GCC_C_LANGUAGE_STANDARD = gnu11;
				GCC_DYNAMIC_NO_PIC = NO;
				GCC_NO_COMMON_BLOCKS = YES;
				GCC_OPTIMIZATION_LEVEL = 0;
				GCC_PREPROCESSOR_DEFINITIONS = (
					"DEBUG=1",
					"$(inherited)",
				);
				GCC_WARN_64_TO_32_BIT_CONVERSION = YES;
				GCC_WARN_ABOUT_RETURN_TYPE = YES_ERROR;
				GCC_WARN_UNDECLARED_SELECTOR = YES;
				GCC_WARN_UNINITIALIZED_AUTOS = YES_AGGRESSIVE;
				GCC_WARN_UNUSED_FUNCTION = YES;
				GCC_WARN_UNUSED_VARIABLE = YES;
				IPHONEOS_DEPLOYMENT_TARGET = 15.5;
				MTL_ENABLE_DEBUG_INFO = INCLUDE_SOURCE;
				MTL_FAST_MATH = YES;
				ONLY_ACTIVE_ARCH = YES;
				SDKROOT = iphoneos;
				SWIFT_ACTIVE_COMPILATION_CONDITIONS = DEBUG;
				SWIFT_OPTIMIZATION_LEVEL = "-Onone";
			};
			name = Debug;
		};
		9440D5F728C77EF200E234B1 /* Release */ = {
			isa = XCBuildConfiguration;
			buildSettings = {
				ALWAYS_SEARCH_USER_PATHS = NO;
				CLANG_ANALYZER_NONNULL = YES;
				CLANG_ANALYZER_NUMBER_OBJECT_CONVERSION = YES_AGGRESSIVE;
				CLANG_CXX_LANGUAGE_STANDARD = "gnu++17";
				CLANG_ENABLE_MODULES = YES;
				CLANG_ENABLE_OBJC_ARC = YES;
				CLANG_ENABLE_OBJC_WEAK = YES;
				CLANG_WARN_BLOCK_CAPTURE_AUTORELEASING = YES;
				CLANG_WARN_BOOL_CONVERSION = YES;
				CLANG_WARN_COMMA = YES;
				CLANG_WARN_CONSTANT_CONVERSION = YES;
				CLANG_WARN_DEPRECATED_OBJC_IMPLEMENTATIONS = YES;
				CLANG_WARN_DIRECT_OBJC_ISA_USAGE = YES_ERROR;
				CLANG_WARN_DOCUMENTATION_COMMENTS = YES;
				CLANG_WARN_EMPTY_BODY = YES;
				CLANG_WARN_ENUM_CONVERSION = YES;
				CLANG_WARN_INFINITE_RECURSION = YES;
				CLANG_WARN_INT_CONVERSION = YES;
				CLANG_WARN_NON_LITERAL_NULL_CONVERSION = YES;
				CLANG_WARN_OBJC_IMPLICIT_RETAIN_SELF = YES;
				CLANG_WARN_OBJC_LITERAL_CONVERSION = YES;
				CLANG_WARN_OBJC_ROOT_CLASS = YES_ERROR;
				CLANG_WARN_QUOTED_INCLUDE_IN_FRAMEWORK_HEADER = YES;
				CLANG_WARN_RANGE_LOOP_ANALYSIS = YES;
				CLANG_WARN_STRICT_PROTOTYPES = YES;
				CLANG_WARN_SUSPICIOUS_MOVE = YES;
				CLANG_WARN_UNGUARDED_AVAILABILITY = YES_AGGRESSIVE;
				CLANG_WARN_UNREACHABLE_CODE = YES;
				CLANG_WARN__DUPLICATE_METHOD_MATCH = YES;
				COPY_PHASE_STRIP = NO;
				DEBUG_INFORMATION_FORMAT = "dwarf-with-dsym";
				ENABLE_NS_ASSERTIONS = NO;
				ENABLE_STRICT_OBJC_MSGSEND = YES;
				GCC_C_LANGUAGE_STANDARD = gnu11;
				GCC_NO_COMMON_BLOCKS = YES;
				GCC_WARN_64_TO_32_BIT_CONVERSION = YES;
				GCC_WARN_ABOUT_RETURN_TYPE = YES_ERROR;
				GCC_WARN_UNDECLARED_SELECTOR = YES;
				GCC_WARN_UNINITIALIZED_AUTOS = YES_AGGRESSIVE;
				GCC_WARN_UNUSED_FUNCTION = YES;
				GCC_WARN_UNUSED_VARIABLE = YES;
				IPHONEOS_DEPLOYMENT_TARGET = 15.5;
				MTL_ENABLE_DEBUG_INFO = NO;
				MTL_FAST_MATH = YES;
				SDKROOT = iphoneos;
				SWIFT_COMPILATION_MODE = wholemodule;
				SWIFT_OPTIMIZATION_LEVEL = "-O";
				VALIDATE_PRODUCT = YES;
			};
			name = Release;
		};
		9440D5F928C77EF200E234B1 /* Debug */ = {
			isa = XCBuildConfiguration;
			baseConfigurationReference = C821FA033D8FD84FFBC9A751 /* Pods-MyMessenger.debug.xcconfig */;
			buildSettings = {
				ASSETCATALOG_COMPILER_APPICON_NAME = AppIcon;
				ASSETCATALOG_COMPILER_GLOBAL_ACCENT_COLOR_NAME = AccentColor;
				CLANG_ENABLE_MODULES = YES;
				CODE_SIGN_STYLE = Automatic;
				CURRENT_PROJECT_VERSION = 1;
				DEVELOPMENT_TEAM = 828D65W9F7;
				GENERATE_INFOPLIST_FILE = YES;
				INFOPLIST_FILE = MyMessenger/Info.plist;
				INFOPLIST_KEY_UIApplicationSupportsIndirectInputEvents = YES;
				INFOPLIST_KEY_UILaunchStoryboardName = LaunchScreen;
				INFOPLIST_KEY_UIMainStoryboardFile = Main;
				INFOPLIST_KEY_UISupportedInterfaceOrientations = UIInterfaceOrientationPortrait;
				INFOPLIST_KEY_UISupportedInterfaceOrientations_iPad = "UIInterfaceOrientationPortrait UIInterfaceOrientationPortraitUpsideDown UIInterfaceOrientationLandscapeLeft UIInterfaceOrientationLandscapeRight";
				INFOPLIST_KEY_UISupportedInterfaceOrientations_iPhone = "UIInterfaceOrientationPortrait UIInterfaceOrientationLandscapeLeft UIInterfaceOrientationLandscapeRight";
				IPHONEOS_DEPLOYMENT_TARGET = 13.0;
				LD_RUNPATH_SEARCH_PATHS = (
					"$(inherited)",
					"@executable_path/Frameworks",
				);
				MARKETING_VERSION = 1.0;
				PRODUCT_BUNDLE_IDENTIFIER = com.sadikcoban.MyMessenger;
				PRODUCT_NAME = "$(TARGET_NAME)";
				SWIFT_EMIT_LOC_STRINGS = YES;
				SWIFT_OPTIMIZATION_LEVEL = "-Onone";
				SWIFT_VERSION = 5.0;
				TARGETED_DEVICE_FAMILY = "1,2";
			};
			name = Debug;
		};
		9440D5FA28C77EF200E234B1 /* Release */ = {
			isa = XCBuildConfiguration;
			baseConfigurationReference = 1305EB0607E95C9BBE9673AE /* Pods-MyMessenger.release.xcconfig */;
			buildSettings = {
				ASSETCATALOG_COMPILER_APPICON_NAME = AppIcon;
				ASSETCATALOG_COMPILER_GLOBAL_ACCENT_COLOR_NAME = AccentColor;
				CLANG_ENABLE_MODULES = YES;
				CODE_SIGN_STYLE = Automatic;
				CURRENT_PROJECT_VERSION = 1;
				DEVELOPMENT_TEAM = 828D65W9F7;
				GENERATE_INFOPLIST_FILE = YES;
				INFOPLIST_FILE = MyMessenger/Info.plist;
				INFOPLIST_KEY_UIApplicationSupportsIndirectInputEvents = YES;
				INFOPLIST_KEY_UILaunchStoryboardName = LaunchScreen;
				INFOPLIST_KEY_UIMainStoryboardFile = Main;
				INFOPLIST_KEY_UISupportedInterfaceOrientations = UIInterfaceOrientationPortrait;
				INFOPLIST_KEY_UISupportedInterfaceOrientations_iPad = "UIInterfaceOrientationPortrait UIInterfaceOrientationPortraitUpsideDown UIInterfaceOrientationLandscapeLeft UIInterfaceOrientationLandscapeRight";
				INFOPLIST_KEY_UISupportedInterfaceOrientations_iPhone = "UIInterfaceOrientationPortrait UIInterfaceOrientationLandscapeLeft UIInterfaceOrientationLandscapeRight";
				IPHONEOS_DEPLOYMENT_TARGET = 13.0;
				LD_RUNPATH_SEARCH_PATHS = (
					"$(inherited)",
					"@executable_path/Frameworks",
				);
				MARKETING_VERSION = 1.0;
				PRODUCT_BUNDLE_IDENTIFIER = com.sadikcoban.MyMessenger;
				PRODUCT_NAME = "$(TARGET_NAME)";
				SWIFT_EMIT_LOC_STRINGS = YES;
				SWIFT_VERSION = 5.0;
				TARGETED_DEVICE_FAMILY = "1,2";
			};
			name = Release;
		};
/* End XCBuildConfiguration section */

/* Begin XCConfigurationList section */
		9440D5DF28C77EF100E234B1 /* Build configuration list for PBXProject "MyMessenger" */ = {
			isa = XCConfigurationList;
			buildConfigurations = (
				9440D5F628C77EF200E234B1 /* Debug */,
				9440D5F728C77EF200E234B1 /* Release */,
			);
			defaultConfigurationIsVisible = 0;
			defaultConfigurationName = Release;
		};
		9440D5F828C77EF200E234B1 /* Build configuration list for PBXNativeTarget "MyMessenger" */ = {
			isa = XCConfigurationList;
			buildConfigurations = (
				9440D5F928C77EF200E234B1 /* Debug */,
				9440D5FA28C77EF200E234B1 /* Release */,
			);
			defaultConfigurationIsVisible = 0;
			defaultConfigurationName = Release;
		};
/* End XCConfigurationList section */
	};
	rootObject = 9440D5DC28C77EF100E234B1 /* Project object */;
}
